PODS:
  - Alamofire (5.10.0)
  - AparajitaCapacitorBiometricAuth (8.0.2):
    - Capacitor
  - AparajitaCapacitorSecureStorage (6.0.1):
    - Capacitor
    - KeychainSwift (~> 21.0)
  - Capacitor (6.1.2):
    - CapacitorCordova
  - CapacitorApp (6.0.1):
    - Capacitor
  - CapacitorCordova (6.1.2)
  - CapgoCapacitorUpdater (6.2.9):
    - Alamofire
    - Capacitor
    - SSZipArchive
    - Version
  - KeychainSwift (21.0.0)
  - SSZipArchive (2.4.3)
  - Version (0.8.0)

DEPENDENCIES:
  - "AparajitaCapacitorBiometricAuth (from `../../node_modules/@aparajita/capacitor-biometric-auth`)"
  - "AparajitaCapacitorSecureStorage (from `../../node_modules/@aparajita/capacitor-secure-storage`)"
  - "Capacitor (from `../../node_modules/@capacitor/ios`)"
  - "CapacitorApp (from `../../node_modules/@capacitor/app`)"
  - "CapacitorCordova (from `../../node_modules/@capacitor/ios`)"
  - "CapgoCapacitorUpdater (from `../../node_modules/@capgo/capacitor-updater`)"

SPEC REPOS:
  trunk:
    - Alamofire
    - KeychainSwift
    - SSZipArchive
    - Version

EXTERNAL SOURCES:
  AparajitaCapacitorBiometricAuth:
    :path: "../../node_modules/@aparajita/capacitor-biometric-auth"
  AparajitaCapacitorSecureStorage:
    :path: "../../node_modules/@aparajita/capacitor-secure-storage"
  Capacitor:
    :path: "../../node_modules/@capacitor/ios"
  CapacitorApp:
    :path: "../../node_modules/@capacitor/app"
  CapacitorCordova:
    :path: "../../node_modules/@capacitor/ios"
  CapgoCapacitorUpdater:
    :path: "../../node_modules/@capgo/capacitor-updater"

SPEC CHECKSUMS:
  Alamofire: cd0b98508df05796dd2ff278f3bb055a631b5390
  AparajitaCapacitorBiometricAuth: 3057403ee3e9e390e57bfb92b576f439157951b8
  AparajitaCapacitorSecureStorage: 265982fd6a2686f9a0820f55c039623b2c4a34c1
  Capacitor: 679f9673fdf30597493a6362a5d5bf233d46abc2
  CapacitorApp: 0bc633b4eae40a1f32cd2834788fad3bc42da6a1
  CapacitorCordova: f48c89f96c319101cd2f0ce8a2b7449b5fb8b3dd
  CapgoCapacitorUpdater: b6fe6932a6253ee09afa79ccbf93839415f62a7d
  KeychainSwift: 4a71a45c802fd9e73906457c2dcbdbdc06c9419d
  SSZipArchive: fe6a26b2a54d5a0890f2567b5cc6de5caa600aef
  Version: de5907f2c5d0f3cf21708db7801d1d5401139486

PODFILE CHECKSUM: 5e359b7a677584965891818a057c0af76c9209b4

COCOAPODS: 1.15.2
